
Microsoft Visual Studio Solution File, Format Version 12.00
# Visual Studio Version 17
VisualStudioVersion = 17.8.34316.72
MinimumVisualStudioVersion = 10.0.40219.1
Project("{9A19103F-16F7-4668-BE54-9A1E7A4F7556}") = "WebAssemblyAssignment.Server", "WebAssemblyAssignment\Server\WebAssemblyAssignment.Server.csproj", "{79CC5CC4-7019-4DB5-97AE-DB65F6E0ABE8}"
EndProject
Project("{9A19103F-16F7-4668-BE54-9A1E7A4F7556}") = "WebAssemblyAssignment.Client", "WebAssemblyAssignment\Client\WebAssemblyAssignment.Client.csproj", "{460687A3-09EB-484E-B67D-08E897FF6940}"
EndProject
Project("{9A19103F-16F7-4668-BE54-9A1E7A4F7556}") = "WebAssemblyAssignment.Shared", "WebAssemblyAssignment\Shared\WebAssemblyAssignment.Shared.csproj", "{316F978D-F15A-42BD-A915-256E01A9CCC5}"
EndProject
Global
	GlobalSection(SolutionConfigurationPlatforms) = preSolution
		Debug|Any CPU = Debug|Any CPU
		Release|Any CPU = Release|Any CPU
	EndGlobalSection
	GlobalSection(ProjectConfigurationPlatforms) = postSolution
		{79CC5CC4-7019-4DB5-97AE-DB65F6E0ABE8}.Debug|Any CPU.ActiveCfg = Debug|Any CPU
		{79CC5CC4-7019-4DB5-97AE-DB65F6E0ABE8}.Debug|Any CPU.Build.0 = Debug|Any CPU
		{79CC5CC4-7019-4DB5-97AE-DB65F6E0ABE8}.Release|Any CPU.ActiveCfg = Release|Any CPU
		{79CC5CC4-7019-4DB5-97AE-DB65F6E0ABE8}.Release|Any CPU.Build.0 = Release|Any CPU
		{460687A3-09EB-484E-B67D-08E897FF6940}.Debug|Any CPU.ActiveCfg = Debug|Any CPU
		{460687A3-09EB-484E-B67D-08E897FF6940}.Debug|Any CPU.Build.0 = Debug|Any CPU
		{460687A3-09EB-484E-B67D-08E897FF6940}.Release|Any CPU.ActiveCfg = Release|Any CPU
		{460687A3-09EB-484E-B67D-08E897FF6940}.Release|Any CPU.Build.0 = Release|Any CPU
		{316F978D-F15A-42BD-A915-256E01A9CCC5}.Debug|Any CPU.ActiveCfg = Debug|Any CPU
		{316F978D-F15A-42BD-A915-256E01A9CCC5}.Debug|Any CPU.Build.0 = Debug|Any CPU
		{316F978D-F15A-42BD-A915-256E01A9CCC5}.Release|Any CPU.ActiveCfg = Release|Any CPU
		{316F978D-F15A-42BD-A915-256E01A9CCC5}.Release|Any CPU.Build.0 = Release|Any CPU
	EndGlobalSection
	GlobalSection(SolutionProperties) = preSolution
		HideSolutionNode = FALSE
	EndGlobalSection
	GlobalSection(ExtensibilityGlobals) = postSolution
		SolutionGuid = {7C70EF70-B076-4511-869C-4E3AE0660433}
	EndGlobalSection
EndGlobal
